<?xml version="1.0" encoding="utf-8"?>
<Project ToolsVersion="4.0" xmlns="http://schemas.microsoft.com/developer/msbuild/2003">
  <ItemGroup>
    <Filter Include="Source Files">
      <UniqueIdentifier>{4FC737F1-C7A5-4376-A066-2A32D752A2FF}</UniqueIdentifier>
      <Extensions>cpp;c;cc;cxx;c++;cppm;ixx;def;odl;idl;hpj;bat;asm;asmx</Extensions>
    </Filter>
    <Filter Include="Header Files">
      <UniqueIdentifier>{93995380-89BD-4b04-88EB-625FBE52EBFB}</UniqueIdentifier>
      <Extensions>h;hh;hpp;hxx;h++;hm;inl;inc;ipp;xsd</Extensions>
    </Filter>
    <Filter Include="Resource Files">
      <UniqueIdentifier>{67DA6AB6-F800-4c08-8B7A-83BB121AAD01}</UniqueIdentifier>
      <Extensions>rc;ico;cur;bmp;dlg;rc2;rct;bin;rgs;gif;jpg;jpeg;jpe;resx;tiff;tif;png;wav;mfcribbon-ms</Extensions>
    </Filter>
  </ItemGroup>
  <ItemGroup>
    <Image Include="mcca.ico">
      <Filter>Resource Files</Filter>
    </Image>
  </ItemGroup>
  <ItemGroup>
    <ResourceCompile Include="Resource.rc">
      <Filter>Resource Files</Filter>
    </ResourceCompile>
  </ItemGroup>
  <ItemGroup>
    <ClCompile Include="cli_utils.cpp">
      <Filter>Source Files</Filter>
    </ClCompile>
    <ClCompile Include="color_grid.cpp">
      <Filter>Source Files</Filter>
    </ClCompile>
    <ClCompile Include="main.cpp">
      <Filter>Source Files</Filter>
    </ClCompile>
    <ClCompile Include="max_color_dfs.cpp">
      <Filter>Source Files</Filter>
    </ClCompile>
    <ClCompile Include="max_color_uf.cpp">
      <Filter>Source Files</Filter>
    </ClCompile>
    <ClCompile Include="union_find.cpp">
      <Filter>Source Files</Filter>
    </ClCompile>
    <ClCompile Include="..\Common\common.cpp">
      <Filter>Source Files</Filter>
    </ClCompile>
    <ClCompile Include="..\Common\file_utils.cpp">
      <Filter>Source Files</Filter>
    </ClCompile>
    <ClCompile Include="..\Common\helpers.cpp">
      <Filter>Source Files</Filter>
    </ClCompile>
    <ClCompile Include="..\Common\matfile_handler.cpp">
      <Filter>Source Files</Filter>
    </ClCompile>
  </ItemGroup>
  <ItemGroup>
    <ClInclude Include="..\Common\Headers\colors.hpp">
      <Filter>Header Files</Filter>
    </ClInclude>
    <ClInclude Include="..\Common\Headers\common.hpp">
      <Filter>Header Files</Filter>
    </ClInclude>
    <ClInclude Include="..\Common\Headers\constants.hpp">
      <Filter>Header Files</Filter>
    </ClInclude>
    <ClInclude Include="..\Common\Headers\error_handler.hpp">
      <Filter>Header Files</Filter>
    </ClInclude>
    <ClInclude Include="..\Common\Headers\file_utils.hpp">
      <Filter>Header Files</Filter>
    </ClInclude>
    <ClInclude Include="..\Common\Headers\helpers.hpp">
      <Filter>Header Files</Filter>
    </ClInclude>
    <ClInclude Include="..\Common\Headers\matfile_handler.hpp">
      <Filter>Header Files</Filter>
    </ClInclude>
    <ClInclude Include="..\Common\Headers\timer.hpp">
      <Filter>Header Files</Filter>
    </ClInclude>
    <ClInclude Include="Headers\cli_utils.hpp">
      <Filter>Header Files</Filter>
    </ClInclude>
    <ClInclude Include="Headers\color_grid.hpp">
      <Filter>Header Files</Filter>
    </ClInclude>
    <ClInclude Include="Headers\main.hpp">
      <Filter>Header Files</Filter>
    </ClInclude>
    <ClInclude Include="Headers\max_color_dfs.hpp">
      <Filter>Header Files</Filter>
    </ClInclude>
    <ClInclude Include="Headers\max_color_uf.hpp">
      <Filter>Header Files</Filter>
    </ClInclude>
    <ClInclude Include="Headers\union_find.hpp">
      <Filter>Header Files</Filter>
    </ClInclude>
  </ItemGroup>
</Project>